Microsoft Visual Studio Solution File, Format Version 12.00
# Visual Studio 14
VisualStudioVersion = 14.0.25420.1
MinimumVisualStudioVersion = 10.0.40219.1
Project("{FAE04EC0-301F-11D3-BF4B-00C04F79EFBC}") = "LipService", "LipService\LipService.csproj", "{9A8DEC7E-7552-4E48-B70C-232BBE04E6B0}"
EndProject
Project("{FAE04EC0-301F-11D3-BF4B-00C04F79EFBC}") = "LipService.iOS", "iOS\LipService.iOS.csproj", "{5C213E61-1AAE-476E-847F-BDF5BB6B64DD}"
EndProject
Project("{FAE04EC0-301F-11D3-BF4B-00C04F79EFBC}") = "LipService.Droid", "Droid\LipService.Droid.csproj", "{746187A3-D5F5-4E2B-9B9A-63D3B7A1769A}"
EndProject
Global
	GlobalSection(SolutionConfigurationPlatforms) = preSolution
		Debug|Any CPU = Debug|Any CPU
		Debug|iPhone = Debug|iPhone
		Debug|iPhoneSimulator = Debug|iPhoneSimulator
		Release|Any CPU = Release|Any CPU
		Release|iPhone = Release|iPhone
		Release|iPhoneSimulator = Release|iPhoneSimulator
	EndGlobalSection
	GlobalSection(ProjectConfigurationPlatforms) = postSolution
		{9A8DEC7E-7552-4E48-B70C-232BBE04E6B0}.Debug|Any CPU.ActiveCfg = Debug|Any CPU
		{9A8DEC7E-7552-4E48-B70C-232BBE04E6B0}.Debug|Any CPU.Build.0 = Debug|Any CPU
		{9A8DEC7E-7552-4E48-B70C-232BBE04E6B0}.Debug|iPhone.ActiveCfg = Debug|Any CPU
		{9A8DEC7E-7552-4E48-B70C-232BBE04E6B0}.Debug|iPhone.Build.0 = Debug|Any CPU
		{9A8DEC7E-7552-4E48-B70C-232BBE04E6B0}.Debug|iPhoneSimulator.ActiveCfg = Debug|Any CPU
		{9A8DEC7E-7552-4E48-B70C-232BBE04E6B0}.Debug|iPhoneSimulator.Build.0 = Debug|Any CPU
		{9A8DEC7E-7552-4E48-B70C-232BBE04E6B0}.Release|Any CPU.ActiveCfg = Release|Any CPU
		{9A8DEC7E-7552-4E48-B70C-232BBE04E6B0}.Release|Any CPU.Build.0 = Release|Any CPU
		{9A8DEC7E-7552-4E48-B70C-232BBE04E6B0}.Release|iPhone.ActiveCfg = Release|Any CPU
		{9A8DEC7E-7552-4E48-B70C-232BBE04E6B0}.Release|iPhone.Build.0 = Release|Any CPU
		{9A8DEC7E-7552-4E48-B70C-232BBE04E6B0}.Release|iPhoneSimulator.ActiveCfg = Release|Any CPU
		{9A8DEC7E-7552-4E48-B70C-232BBE04E6B0}.Release|iPhoneSimulator.Build.0 = Release|Any CPU
		{5C213E61-1AAE-476E-847F-BDF5BB6B64DD}.Debug|Any CPU.ActiveCfg = Debug|iPhoneSimulator
		{5C213E61-1AAE-476E-847F-BDF5BB6B64DD}.Debug|Any CPU.Build.0 = Debug|iPhoneSimulator
		{5C213E61-1AAE-476E-847F-BDF5BB6B64DD}.Debug|iPhone.ActiveCfg = Debug|iPhone
		{5C213E61-1AAE-476E-847F-BDF5BB6B64DD}.Debug|iPhone.Build.0 = Debug|iPhone
		{5C213E61-1AAE-476E-847F-BDF5BB6B64DD}.Debug|iPhoneSimulator.ActiveCfg = Debug|iPhoneSimulator
		{5C213E61-1AAE-476E-847F-BDF5BB6B64DD}.Debug|iPhoneSimulator.Build.0 = Debug|iPhoneSimulator
		{5C213E61-1AAE-476E-847F-BDF5BB6B64DD}.Release|Any CPU.ActiveCfg = Release|iPhone
		{5C213E61-1AAE-476E-847F-BDF5BB6B64DD}.Release|Any CPU.Build.0 = Release|iPhone
		{5C213E61-1AAE-476E-847F-BDF5BB6B64DD}.Release|iPhone.ActiveCfg = Release|iPhone
		{5C213E61-1AAE-476E-847F-BDF5BB6B64DD}.Release|iPhone.Build.0 = Release|iPhone
		{5C213E61-1AAE-476E-847F-BDF5BB6B64DD}.Release|iPhoneSimulator.ActiveCfg = Release|iPhoneSimulator
		{5C213E61-1AAE-476E-847F-BDF5BB6B64DD}.Release|iPhoneSimulator.Build.0 = Release|iPhoneSimulator
		{746187A3-D5F5-4E2B-9B9A-63D3B7A1769A}.Debug|Any CPU.ActiveCfg = Debug|Any CPU
		{746187A3-D5F5-4E2B-9B9A-63D3B7A1769A}.Debug|Any CPU.Build.0 = Debug|Any CPU
		{746187A3-D5F5-4E2B-9B9A-63D3B7A1769A}.Debug|Any CPU.Deploy.0 = Debug|Any CPU
		{746187A3-D5F5-4E2B-9B9A-63D3B7A1769A}.Debug|iPhone.ActiveCfg = Debug|Any CPU
		{746187A3-D5F5-4E2B-9B9A-63D3B7A1769A}.Debug|iPhone.Build.0 = Debug|Any CPU
		{746187A3-D5F5-4E2B-9B9A-63D3B7A1769A}.Debug|iPhoneSimulator.ActiveCfg = Debug|Any CPU
		{746187A3-D5F5-4E2B-9B9A-63D3B7A1769A}.Debug|iPhoneSimulator.Build.0 = Debug|Any CPU
		{746187A3-D5F5-4E2B-9B9A-63D3B7A1769A}.Release|Any CPU.ActiveCfg = Release|Any CPU
		{746187A3-D5F5-4E2B-9B9A-63D3B7A1769A}.Release|Any CPU.Build.0 = Release|Any CPU
		{746187A3-D5F5-4E2B-9B9A-63D3B7A1769A}.Release|iPhone.ActiveCfg = Release|Any CPU
		{746187A3-D5F5-4E2B-9B9A-63D3B7A1769A}.Release|iPhone.Build.0 = Release|Any CPU
		{746187A3-D5F5-4E2B-9B9A-63D3B7A1769A}.Release|iPhoneSimulator.ActiveCfg = Release|Any CPU
		{746187A3-D5F5-4E2B-9B9A-63D3B7A1769A}.Release|iPhoneSimulator.Build.0 = Release|Any CPU
	EndGlobalSection
	GlobalSection(SolutionProperties) = preSolution
		HideSolutionNode = FALSE
	EndGlobalSection
EndGlobal
